# This file is automatically @generated by Cargo.
# It is not intended for manual editing.
version = 4

[[package]]
name = "xpui"
version = "0.1.0"
source = "git+https://github.com/XPUI-Framework/xpui-framework?branch=main#d3d63d5d302786a2ac73f196e4adbcf88e258461"

[[package]]
name = "xpui-abi-check"
version = "0.1.0"
source = "git+https://github.com/XPUI-Framework/xpui-backends?branch=main#1d9d72a902db46aaa6c22031768f82870a465d49"

[[package]]
name = "xpui-cpp-abi"
version = "0.1.0"
dependencies = [
 "xpui-abi-check",
 "xpui-fui",
]

[[package]]
name = "xpui-cpp-host"
version = "0.1.0"
dependencies = [
 "xpui",
 "xpui-fui",
]

[[package]]
name = "xpui-fui"
version = "0.1.0"
source = "git+https://github.com/XPUI-Framework/xpui-backends?branch=main#1d9d72a902db46aaa6c22031768f82870a465d49"
dependencies = [
 "xpui",
]

[[package]]
name = "xtask"
version = "0.1.0"
